// !$*UTF8*$!
{
	archiveVersion = 1;
	classes = {
	};
	objectVersion = 51;
	objects = {

/* Begin PBXBuildFile section */
		03354540D9D5C8F74135F171 /* Pods_Flix.framework in Frameworks */ = {isa = PBXBuildFile; fileRef = B2BFE80A073AE051AC5F8090 /* Pods_Flix.framework */; };
		3B17BCE326846B81007D80B7 /* MovieCollectionCell.m in Sources */ = {isa = PBXBuildFile; fileRef = 3B17BCE226846B81007D80B7 /* MovieCollectionCell.m */; };
		3B5D07B8268393FB00ED4DC7 /* AppDelegate.m in Sources */ = {isa = PBXBuildFile; fileRef = 3B5D07B7268393FB00ED4DC7 /* AppDelegate.m */; };
		3B5D07BB268393FB00ED4DC7 /* SceneDelegate.m in Sources */ = {isa = PBXBuildFile; fileRef = 3B5D07BA268393FB00ED4DC7 /* SceneDelegate.m */; };
		3B5D07C1268393FB00ED4DC7 /* Main.storyboard in Resources */ = {isa = PBXBuildFile; fileRef = 3B5D07BF268393FB00ED4DC7 /* Main.storyboard */; };
		3B5D07C3268393FC00ED4DC7 /* Assets.xcassets in Resources */ = {isa = PBXBuildFile; fileRef = 3B5D07C2268393FC00ED4DC7 /* Assets.xcassets */; };
		3B5D07C6268393FC00ED4DC7 /* LaunchScreen.storyboard in Resources */ = {isa = PBXBuildFile; fileRef = 3B5D07C4268393FC00ED4DC7 /* LaunchScreen.storyboard */; };
		3B5D07C9268393FC00ED4DC7 /* main.m in Sources */ = {isa = PBXBuildFile; fileRef = 3B5D07C8268393FC00ED4DC7 /* main.m */; };
		3B5D07D3268393FC00ED4DC7 /* FlixTests.m in Sources */ = {isa = PBXBuildFile; fileRef = 3B5D07D2268393FC00ED4DC7 /* FlixTests.m */; };
		3B5D07DE268393FC00ED4DC7 /* FlixUITests.m in Sources */ = {isa = PBXBuildFile; fileRef = 3B5D07DD268393FC00ED4DC7 /* FlixUITests.m */; };
		3B5D07ED26839E0900ED4DC7 /* MoviesViewController.m in Sources */ = {isa = PBXBuildFile; fileRef = 3B5D07EC26839E0900ED4DC7 /* MoviesViewController.m */; };
		3B5D07F32683CB2300ED4DC7 /* MovieCell.m in Sources */ = {isa = PBXBuildFile; fileRef = 3B5D07F22683CB2300ED4DC7 /* MovieCell.m */; };
		3B5D07F62683EBC600ED4DC7 /* DetailsViewController.m in Sources */ = {isa = PBXBuildFile; fileRef = 3B5D07F52683EBC600ED4DC7 /* DetailsViewController.m */; };
		3BD2E445268463DC00543888 /* MoviesGridViewController.m in Sources */ = {isa = PBXBuildFile; fileRef = 3BD2E444268463DC00543888 /* MoviesGridViewController.m */; };
		3BFBB8912685624E00A9D9F8 /* WebKit.framework in Frameworks */ = {isa = PBXBuildFile; fileRef = 3BFBB8902685624E00A9D9F8 /* WebKit.framework */; };
		3BFBB8942685629000A9D9F8 /* TrailerViewController.m in Sources */ = {isa = PBXBuildFile; fileRef = 3BFBB8932685629000A9D9F8 /* TrailerViewController.m */; };
		9BEF01F93103F1E948CB8E07 /* Pods_Flix_FlixUITests.framework in Frameworks */ = {isa = PBXBuildFile; fileRef = 47AC7DE9C116F9A41DFD2B45 /* Pods_Flix_FlixUITests.framework */; };
		D1B6BDC6D854B98D125089EF /* Pods_FlixTests.framework in Frameworks */ = {isa = PBXBuildFile; fileRef = F941CC7872A7F9EE94745D6D /* Pods_FlixTests.framework */; };
/* End PBXBuildFile section */

/* Begin PBXContainerItemProxy section */
		3B5D07CF268393FC00ED4DC7 /* PBXContainerItemProxy */ = {
			isa = PBXContainerItemProxy;
			containerPortal = 3B5D07AB268393FB00ED4DC7 /* Project object */;
			proxyType = 1;
			remoteGlobalIDString = 3B5D07B2268393FB00ED4DC7;
			remoteInfo = Flix;
		};
		3B5D07DA268393FC00ED4DC7 /* PBXContainerItemProxy */ = {
			isa = PBXContainerItemProxy;
			containerPortal = 3B5D07AB268393FB00ED4DC7 /* Project object */;
			proxyType = 1;
			remoteGlobalIDString = 3B5D07B2268393FB00ED4DC7;
			remoteInfo = Flix;
		};
/* End PBXContainerItemProxy section */

/* Begin PBXFileReference section */
		3B17BCE126846B81007D80B7 /* MovieCollectionCell.h */ = {isa = PBXFileReference; lastKnownFileType = sourcecode.c.h; path = MovieCollectionCell.h; sourceTree = "<group>"; };
		3B17BCE226846B81007D80B7 /* MovieCollectionCell.m */ = {isa = PBXFileReference; lastKnownFileType = sourcecode.c.objc; path = MovieCollectionCell.m; sourceTree = "<group>"; };
		3B5D07B3268393FB00ED4DC7 /* Flix.app */ = {isa = PBXFileReference; explicitFileType = wrapper.application; includeInIndex = 0; path = Flix.app; sourceTree = BUILT_PRODUCTS_DIR; };
		3B5D07B6268393FB00ED4DC7 /* AppDelegate.h */ = {isa = PBXFileReference; lastKnownFileType = sourcecode.c.h; path = AppDelegate.h; sourceTree = "<group>"; };
		3B5D07B7268393FB00ED4DC7 /* AppDelegate.m */ = {isa = PBXFileReference; lastKnownFileType = sourcecode.c.objc; path = AppDelegate.m; sourceTree = "<group>"; };
		3B5D07B9268393FB00ED4DC7 /* SceneDelegate.h */ = {isa = PBXFileReference; lastKnownFileType = sourcecode.c.h; path = SceneDelegate.h; sourceTree = "<group>"; };
		3B5D07BA268393FB00ED4DC7 /* SceneDelegate.m */ = {isa = PBXFileReference; lastKnownFileType = sourcecode.c.objc; path = SceneDelegate.m; sourceTree = "<group>"; };
		3B5D07C0268393FB00ED4DC7 /* Base */ = {isa = PBXFileReference; lastKnownFileType = file.storyboard; name = Base; path = Base.lproj/Main.storyboard; sourceTree = "<group>"; };
		3B5D07C2268393FC00ED4DC7 /* Assets.xcassets */ = {isa = PBXFileReference; lastKnownFileType = folder.assetcatalog; path = Assets.xcassets; sourceTree = "<group>"; };
		3B5D07C5268393FC00ED4DC7 /* Base */ = {isa = PBXFileReference; lastKnownFileType = file.storyboard; name = Base; path = Base.lproj/LaunchScreen.storyboard; sourceTree = "<group>"; };
		3B5D07C7268393FC00ED4DC7 /* Info.plist */ = {isa = PBXFileReference; lastKnownFileType = text.plist.xml; path = Info.plist; sourceTree = "<group>"; };
		3B5D07C8268393FC00ED4DC7 /* main.m */ = {isa = PBXFileReference; lastKnownFileType = sourcecode.c.objc; path = main.m; sourceTree = "<group>"; };
		3B5D07CE268393FC00ED4DC7 /* FlixTests.xctest */ = {isa = PBXFileReference; explicitFileType = wrapper.cfbundle; includeInIndex = 0; path = FlixTests.xctest; sourceTree = BUILT_PRODUCTS_DIR; };
		3B5D07D2268393FC00ED4DC7 /* FlixTests.m */ = {isa = PBXFileReference; lastKnownFileType = sourcecode.c.objc; path = FlixTests.m; sourceTree = "<group>"; };
		3B5D07D4268393FC00ED4DC7 /* Info.plist */ = {isa = PBXFileReference; lastKnownFileType = text.plist.xml; path = Info.plist; sourceTree = "<group>"; };
		3B5D07D9268393FC00ED4DC7 /* FlixUITests.xctest */ = {isa = PBXFileReference; explicitFileType = wrapper.cfbundle; includeInIndex = 0; path = FlixUITests.xctest; sourceTree = BUILT_PRODUCTS_DIR; };
		3B5D07DD268393FC00ED4DC7 /* FlixUITests.m */ = {isa = PBXFileReference; lastKnownFileType = sourcecode.c.objc; path = FlixUITests.m; sourceTree = "<group>"; };
		3B5D07DF268393FC00ED4DC7 /* Info.plist */ = {isa = PBXFileReference; lastKnownFileType = text.plist.xml; path = Info.plist; sourceTree = "<group>"; };
		3B5D07EB26839E0900ED4DC7 /* MoviesViewController.h */ = {isa = PBXFileReference; lastKnownFileType = sourcecode.c.h; path = MoviesViewController.h; sourceTree = "<group>"; };
		3B5D07EC26839E0900ED4DC7 /* MoviesViewController.m */ = {isa = PBXFileReference; lastKnownFileType = sourcecode.c.objc; path = MoviesViewController.m; sourceTree = "<group>"; };
		3B5D07F12683CB2300ED4DC7 /* MovieCell.h */ = {isa = PBXFileReference; lastKnownFileType = sourcecode.c.h; path = MovieCell.h; sourceTree = "<group>"; };
		3B5D07F22683CB2300ED4DC7 /* MovieCell.m */ = {isa = PBXFileReference; lastKnownFileType = sourcecode.c.objc; path = MovieCell.m; sourceTree = "<group>"; };
		3B5D07F42683EBC600ED4DC7 /* DetailsViewController.h */ = {isa = PBXFileReference; lastKnownFileType = sourcecode.c.h; path = DetailsViewController.h; sourceTree = "<group>"; };
		3B5D07F52683EBC600ED4DC7 /* DetailsViewController.m */ = {isa = PBXFileReference; lastKnownFileType = sourcecode.c.objc; path = DetailsViewController.m; sourceTree = "<group>"; };
		3BD2E443268463DC00543888 /* MoviesGridViewController.h */ = {isa = PBXFileReference; lastKnownFileType = sourcecode.c.h; path = MoviesGridViewController.h; sourceTree = "<group>"; };
		3BD2E444268463DC00543888 /* MoviesGridViewController.m */ = {isa = PBXFileReference; lastKnownFileType = sourcecode.c.objc; path = MoviesGridViewController.m; sourceTree = "<group>"; };
		3BFBB8902685624E00A9D9F8 /* WebKit.framework */ = {isa = PBXFileReference; lastKnownFileType = wrapper.framework; name = WebKit.framework; path = System/Library/Frameworks/WebKit.framework; sourceTree = SDKROOT; };
		3BFBB8922685629000A9D9F8 /* TrailerViewController.h */ = {isa = PBXFileReference; lastKnownFileType = sourcecode.c.h; path = TrailerViewController.h; sourceTree = "<group>"; };
		3BFBB8932685629000A9D9F8 /* TrailerViewController.m */ = {isa = PBXFileReference; lastKnownFileType = sourcecode.c.objc; path = TrailerViewController.m; sourceTree = "<group>"; };
		411A880B1A732CEE5C8661BA /* Pods-FlixTests.debug.xcconfig */ = {isa = PBXFileReference; includeInIndex = 1; lastKnownFileType = text.xcconfig; name = "Pods-FlixTests.debug.xcconfig"; path = "Target Support Files/Pods-FlixTests/Pods-FlixTests.debug.xcconfig"; sourceTree = "<group>"; };
		47AC7DE9C116F9A41DFD2B45 /* Pods_Flix_FlixUITests.framework */ = {isa = PBXFileReference; explicitFileType = wrapper.framework; includeInIndex = 0; path = Pods_Flix_FlixUITests.framework; sourceTree = BUILT_PRODUCTS_DIR; };
		4AD665AC39AC95D0912D7BBF /* Pods-Flix.debug.xcconfig */ = {isa = PBXFileReference; includeInIndex = 1; lastKnownFileType = text.xcconfig; name = "Pods-Flix.debug.xcconfig"; path = "Target Support Files/Pods-Flix/Pods-Flix.debug.xcconfig"; sourceTree = "<group>"; };
		790371EC3C552FAB777F6C71 /* Pods-Flix-FlixUITests.release.xcconfig */ = {isa = PBXFileReference; includeInIndex = 1; lastKnownFileType = text.xcconfig; name = "Pods-Flix-FlixUITests.release.xcconfig"; path = "Target Support Files/Pods-Flix-FlixUITests/Pods-Flix-FlixUITests.release.xcconfig"; sourceTree = "<group>"; };
		821239791999808419C4E879 /* Pods-Flix.release.xcconfig */ = {isa = PBXFileReference; includeInIndex = 1; lastKnownFileType = text.xcconfig; name = "Pods-Flix.release.xcconfig"; path = "Target Support Files/Pods-Flix/Pods-Flix.release.xcconfig"; sourceTree = "<group>"; };
		8C4A4086D1161C8E10F158E5 /* Pods-Flix-FlixUITests.debug.xcconfig */ = {isa = PBXFileReference; includeInIndex = 1; lastKnownFileType = text.xcconfig; name = "Pods-Flix-FlixUITests.debug.xcconfig"; path = "Target Support Files/Pods-Flix-FlixUITests/Pods-Flix-FlixUITests.debug.xcconfig"; sourceTree = "<group>"; };
		B2BFE80A073AE051AC5F8090 /* Pods_Flix.framework */ = {isa = PBXFileReference; explicitFileType = wrapper.framework; includeInIndex = 0; path = Pods_Flix.framework; sourceTree = BUILT_PRODUCTS_DIR; };
		BD5129D64B2209C412E6AFA1 /* Pods-FlixTests.release.xcconfig */ = {isa = PBXFileReference; includeInIndex = 1; lastKnownFileType = text.xcconfig; name = "Pods-FlixTests.release.xcconfig"; path = "Target Support Files/Pods-FlixTests/Pods-FlixTests.release.xcconfig"; sourceTree = "<group>"; };
		F941CC7872A7F9EE94745D6D /* Pods_FlixTests.framework */ = {isa = PBXFileReference; explicitFileType = wrapper.framework; includeInIndex = 0; path = Pods_FlixTests.framework; sourceTree = BUILT_PRODUCTS_DIR; };
/* End PBXFileReference section */

/* Begin PBXFrameworksBuildPhase section */
		3B5D07B0268393FB00ED4DC7 /* Frameworks */ = {
			isa = PBXFrameworksBuildPhase;
			buildActionMask = 2147483647;
			files = (
				3BFBB8912685624E00A9D9F8 /* WebKit.framework in Frameworks */,
				03354540D9D5C8F74135F171 /* Pods_Flix.framework in Frameworks */,
			);
			runOnlyForDeploymentPostprocessing = 0;
		};
		3B5D07CB268393FC00ED4DC7 /* Frameworks */ = {
			isa = PBXFrameworksBuildPhase;
			buildActionMask = 2147483647;
			files = (
				D1B6BDC6D854B98D125089EF /* Pods_FlixTests.framework in Frameworks */,
			);
			runOnlyForDeploymentPostprocessing = 0;
		};
		3B5D07D6268393FC00ED4DC7 /* Frameworks */ = {
			isa = PBXFrameworksBuildPhase;
			buildActionMask = 2147483647;
			files = (
				9BEF01F93103F1E948CB8E07 /* Pods_Flix_FlixUITests.framework in Frameworks */,
			);
			runOnlyForDeploymentPostprocessing = 0;
		};
/* End PBXFrameworksBuildPhase section */

/* Begin PBXGroup section */
		014B9ECB75B9DE1F8A1EE45B /* Pods */ = {
			isa = PBXGroup;
			children = (
				4AD665AC39AC95D0912D7BBF /* Pods-Flix.debug.xcconfig */,
				821239791999808419C4E879 /* Pods-Flix.release.xcconfig */,
				8C4A4086D1161C8E10F158E5 /* Pods-Flix-FlixUITests.debug.xcconfig */,
				790371EC3C552FAB777F6C71 /* Pods-Flix-FlixUITests.release.xcconfig */,
				411A880B1A732CEE5C8661BA /* Pods-FlixTests.debug.xcconfig */,
				BD5129D64B2209C412E6AFA1 /* Pods-FlixTests.release.xcconfig */,
			);
			path = Pods;
			sourceTree = "<group>";
		};
		3B5D07AA268393FB00ED4DC7 = {
			isa = PBXGroup;
			children = (
				3B5D07B5268393FB00ED4DC7 /* Flix */,
				3B5D07D1268393FC00ED4DC7 /* FlixTests */,
				3B5D07DC268393FC00ED4DC7 /* FlixUITests */,
				3B5D07B4268393FB00ED4DC7 /* Products */,
				014B9ECB75B9DE1F8A1EE45B /* Pods */,
				D55B1B778F6D8C736B51ACD7 /* Frameworks */,
			);
			sourceTree = "<group>";
		};
		3B5D07B4268393FB00ED4DC7 /* Products */ = {
			isa = PBXGroup;
			children = (
				3B5D07B3268393FB00ED4DC7 /* Flix.app */,
				3B5D07CE268393FC00ED4DC7 /* FlixTests.xctest */,
				3B5D07D9268393FC00ED4DC7 /* FlixUITests.xctest */,
			);
			name = Products;
			sourceTree = "<group>";
		};
		3B5D07B5268393FB00ED4DC7 /* Flix */ = {
			isa = PBXGroup;
			children = (
				3B5D07F02683A00D00ED4DC7 /* Models */,
				3B5D07EF2683A00300ED4DC7 /* Views */,
				3B5D07EE26839FFA00ED4DC7 /* View Controllers */,
				3B5D07B6268393FB00ED4DC7 /* AppDelegate.h */,
				3B5D07B7268393FB00ED4DC7 /* AppDelegate.m */,
				3B5D07B9268393FB00ED4DC7 /* SceneDelegate.h */,
				3B5D07BA268393FB00ED4DC7 /* SceneDelegate.m */,
				3B5D07BF268393FB00ED4DC7 /* Main.storyboard */,
				3B5D07C2268393FC00ED4DC7 /* Assets.xcassets */,
				3B5D07C4268393FC00ED4DC7 /* LaunchScreen.storyboard */,
				3B5D07C7268393FC00ED4DC7 /* Info.plist */,
				3B5D07C8268393FC00ED4DC7 /* main.m */,
			);
			path = Flix;
			sourceTree = "<group>";
		};
		3B5D07D1268393FC00ED4DC7 /* FlixTests */ = {
			isa = PBXGroup;
			children = (
				3B5D07D2268393FC00ED4DC7 /* FlixTests.m */,
				3B5D07D4268393FC00ED4DC7 /* Info.plist */,
			);
			path = FlixTests;
			sourceTree = "<group>";
		};
		3B5D07DC268393FC00ED4DC7 /* FlixUITests */ = {
			isa = PBXGroup;
			children = (
				3B5D07DD268393FC00ED4DC7 /* FlixUITests.m */,
				3B5D07DF268393FC00ED4DC7 /* Info.plist */,
			);
			path = FlixUITests;
			sourceTree = "<group>";
		};
		3B5D07EE26839FFA00ED4DC7 /* View Controllers */ = {
			isa = PBXGroup;
			children = (
				3B5D07EB26839E0900ED4DC7 /* MoviesViewController.h */,
				3B5D07EC26839E0900ED4DC7 /* MoviesViewController.m */,
				3B5D07F42683EBC600ED4DC7 /* DetailsViewController.h */,
				3B5D07F52683EBC600ED4DC7 /* DetailsViewController.m */,
				3BD2E443268463DC00543888 /* MoviesGridViewController.h */,
				3BD2E444268463DC00543888 /* MoviesGridViewController.m */,
				3BFBB8922685629000A9D9F8 /* TrailerViewController.h */,
				3BFBB8932685629000A9D9F8 /* TrailerViewController.m */,
			);
			path = "View Controllers";
			sourceTree = "<group>";
		};
		3B5D07EF2683A00300ED4DC7 /* Views */ = {
			isa = PBXGroup;
			children = (
				3B5D07F12683CB2300ED4DC7 /* MovieCell.h */,
				3B5D07F22683CB2300ED4DC7 /* MovieCell.m */,
				3B17BCE126846B81007D80B7 /* MovieCollectionCell.h */,
				3B17BCE226846B81007D80B7 /* MovieCollectionCell.m */,
			);
			path = Views;
			sourceTree = "<group>";
		};
		3B5D07F02683A00D00ED4DC7 /* Models */ = {
			isa = PBXGroup;
			children = (
			);
			path = Models;
			sourceTree = "<group>";
		};
		D55B1B778F6D8C736B51ACD7 /* Frameworks */ = {
			isa = PBXGroup;
			children = (
				3BFBB8902685624E00A9D9F8 /* WebKit.framework */,
				B2BFE80A073AE051AC5F8090 /* Pods_Flix.framework */,
				47AC7DE9C116F9A41DFD2B45 /* Pods_Flix_FlixUITests.framework */,
				F941CC7872A7F9EE94745D6D /* Pods_FlixTests.framework */,
			);
			name = Frameworks;
			sourceTree = "<group>";
		};
/* End PBXGroup section */

/* Begin PBXNativeTarget section */
		3B5D07B2268393FB00ED4DC7 /* Flix */ = {
			isa = PBXNativeTarget;
			buildConfigurationList = 3B5D07E2268393FC00ED4DC7 /* Build configuration list for PBXNativeTarget "Flix" */;
			buildPhases = (
				5B1B69EAE67C2CDC4BD71570 /* [CP] Check Pods Manifest.lock */,
				3B5D07AF268393FB00ED4DC7 /* Sources */,
				3B5D07B0268393FB00ED4DC7 /* Frameworks */,
				3B5D07B1268393FB00ED4DC7 /* Resources */,
				6A430A671263253F9CC3C793 /* [CP] Embed Pods Frameworks */,
			);
			buildRules = (
			);
			dependencies = (
			);
			name = Flix;
			productName = Flix;
			productReference = 3B5D07B3268393FB00ED4DC7 /* Flix.app */;
			productType = "com.apple.product-type.application";
		};
		3B5D07CD268393FC00ED4DC7 /* FlixTests */ = {
			isa = PBXNativeTarget;
			buildConfigurationList = 3B5D07E5268393FC00ED4DC7 /* Build configuration list for PBXNativeTarget "FlixTests" */;
			buildPhases = (
				3345DFB21F77F938363FF524 /* [CP] Check Pods Manifest.lock */,
				3B5D07CA268393FC00ED4DC7 /* Sources */,
				3B5D07CB268393FC00ED4DC7 /* Frameworks */,
				3B5D07CC268393FC00ED4DC7 /* Resources */,
			);
			buildRules = (
			);
			dependencies = (
				3B5D07D0268393FC00ED4DC7 /* PBXTargetDependency */,
			);
			name = FlixTests;
			productName = FlixTests;
			productReference = 3B5D07CE268393FC00ED4DC7 /* FlixTests.xctest */;
			productType = "com.apple.product-type.bundle.unit-test";
		};
		3B5D07D8268393FC00ED4DC7 /* FlixUITests */ = {
			isa = PBXNativeTarget;
			buildConfigurationList = 3B5D07E8268393FC00ED4DC7 /* Build configuration list for PBXNativeTarget "FlixUITests" */;
			buildPhases = (
				59212A0E7AD3B62ECC2EDFC9 /* [CP] Check Pods Manifest.lock */,
				3B5D07D5268393FC00ED4DC7 /* Sources */,
				3B5D07D6268393FC00ED4DC7 /* Frameworks */,
				3B5D07D7268393FC00ED4DC7 /* Resources */,
				CA30A429B8B218C12C751B55 /* [CP] Embed Pods Frameworks */,
			);
			buildRules = (
			);
			dependencies = (
				3B5D07DB268393FC00ED4DC7 /* PBXTargetDependency */,
			);
			name = FlixUITests;
			productName = FlixUITests;
			productReference = 3B5D07D9268393FC00ED4DC7 /* FlixUITests.xctest */;
			productType = "com.apple.product-type.bundle.ui-testing";
		};
/* End PBXNativeTarget section */

/* Begin PBXProject section */
		3B5D07AB268393FB00ED4DC7 /* Project object */ = {
			isa = PBXProject;
			attributes = {
				LastUpgradeCheck = 1250;
				TargetAttributes = {
					3B5D07B2268393FB00ED4DC7 = {
						CreatedOnToolsVersion = 12.5.1;
					};
					3B5D07CD268393FC00ED4DC7 = {
						CreatedOnToolsVersion = 12.5.1;
						TestTargetID = 3B5D07B2268393FB00ED4DC7;
					};
					3B5D07D8268393FC00ED4DC7 = {
						CreatedOnToolsVersion = 12.5.1;
						TestTargetID = 3B5D07B2268393FB00ED4DC7;
					};
				};
			};
			buildConfigurationList = 3B5D07AE268393FB00ED4DC7 /* Build configuration list for PBXProject "Flix" */;
			compatibilityVersion = "Xcode 9.3";
			developmentRegion = en;
			hasScannedForEncodings = 0;
			knownRegions = (
				en,
				Base,
			);
			mainGroup = 3B5D07AA268393FB00ED4DC7;
			productRefGroup = 3B5D07B4268393FB00ED4DC7 /* Products */;
			projectDirPath = "";
			projectRoot = "";
			targets = (
				3B5D07B2268393FB00ED4DC7 /* Flix */,
				3B5D07CD268393FC00ED4DC7 /* FlixTests */,
				3B5D07D8268393FC00ED4DC7 /* FlixUITests */,
			);
		};
/* End PBXProject section */

/* Begin PBXResourcesBuildPhase section */
		3B5D07B1268393FB00ED4DC7 /* Resources */ = {
			isa = PBXResourcesBuildPhase;
			buildActionMask = 2147483647;
			files = (
				3B5D07C6268393FC00ED4DC7 /* LaunchScreen.storyboard in Resources */,
				3B5D07C3268393FC00ED4DC7 /* Assets.xcassets in Resources */,
				3B5D07C1268393FB00ED4DC7 /* Main.storyboard in Resources */,
			);
			runOnlyForDeploymentPostprocessing = 0;
		};
		3B5D07CC268393FC00ED4DC7 /* Resources */ = {
			isa = PBXResourcesBuildPhase;
			buildActionMask = 2147483647;
			files = (
			);
			runOnlyForDeploymentPostprocessing = 0;
		};
		3B5D07D7268393FC00ED4DC7 /* Resources */ = {
			isa = PBXResourcesBuildPhase;
			buildActionMask = 2147483647;
			files = (
			);
			runOnlyForDeploymentPostprocessing = 0;
		};
/* End PBXResourcesBuildPhase section */

/* Begin PBXShellScriptBuildPhase section */
		3345DFB21F77F938363FF524 /* [CP] Check Pods Manifest.lock */ = {
			isa = PBXShellScriptBuildPhase;
			buildActionMask = 2147483647;
			files = (
			);
			inputFileListPaths = (
			);
			inputPaths = (
				"${PODS_PODFILE_DIR_PATH}/Podfile.lock",
				"${PODS_ROOT}/Manifest.lock",
			);
			name = "[CP] Check Pods Manifest.lock";
			outputFileListPaths = (
			);
			outputPaths = (
				"$(DERIVED_FILE_DIR)/Pods-FlixTests-checkManifestLockResult.txt",
			);
			runOnlyForDeploymentPostprocessing = 0;
			shellPath = /bin/sh;
			shellScript = "diff \"${PODS_PODFILE_DIR_PATH}/Podfile.lock\" \"${PODS_ROOT}/Manifest.lock\" > /dev/null\nif [ $? != 0 ] ; then\n    # print error to STDERR\n    echo \"error: The sandbox is not in sync with the Podfile.lock. Run 'pod install' or update your CocoaPods installation.\" >&2\n    exit 1\nfi\n# This output is used by Xcode 'outputs' to avoid re-running this script phase.\necho \"SUCCESS\" > \"${SCRIPT_OUTPUT_FILE_0}\"\n";
			showEnvVarsInLog = 0;
		};
		59212A0E7AD3B62ECC2EDFC9 /* [CP] Check Pods Manifest.lock */ = {
			isa = PBXShellScriptBuildPhase;
			buildActionMask = 2147483647;
			files = (
			);
			inputFileListPaths = (
			);
			inputPaths = (
				"${PODS_PODFILE_DIR_PATH}/Podfile.lock",
				"${PODS_ROOT}/Manifest.lock",
			);
			name = "[CP] Check Pods Manifest.lock";
			outputFileListPaths = (
			);
			outputPaths = (
				"$(DERIVED_FILE_DIR)/Pods-Flix-FlixUITests-checkManifestLockResult.txt",
			);
			runOnlyForDeploymentPostprocessing = 0;
			shellPath = /bin/sh;
			shellScript = "diff \"${PODS_PODFILE_DIR_PATH}/Podfile.lock\" \"${PODS_ROOT}/Manifest.lock\" > /dev/null\nif [ $? != 0 ] ; then\n    # print error to STDERR\n    echo \"error: The sandbox is not in sync with the Podfile.lock. Run 'pod install' or update your CocoaPods installation.\" >&2\n    exit 1\nfi\n# This output is used by Xcode 'outputs' to avoid re-running this script phase.\necho \"SUCCESS\" > \"${SCRIPT_OUTPUT_FILE_0}\"\n";
			showEnvVarsInLog = 0;
		};
		5B1B69EAE67C2CDC4BD71570 /* [CP] Check Pods Manifest.lock */ = {
			isa = PBXShellScriptBuildPhase;
			buildActionMask = 2147483647;
			files = (
			);
			inputFileListPaths = (
			);
			inputPaths = (
				"${PODS_PODFILE_DIR_PATH}/Podfile.lock",
				"${PODS_ROOT}/Manifest.lock",
			);
			name = "[CP] Check Pods Manifest.lock";
			outputFileListPaths = (
			);
			outputPaths = (
				"$(DERIVED_FILE_DIR)/Pods-Flix-checkManifestLockResult.txt",
			);
			runOnlyForDeploymentPostprocessing = 0;
			shellPath = /bin/sh;
			shellScript = "diff \"${PODS_PODFILE_DIR_PATH}/Podfile.lock\" \"${PODS_ROOT}/Manifest.lock\" > /dev/null\nif [ $? != 0 ] ; then\n    # print error to STDERR\n    echo \"error: The sandbox is not in sync with the Podfile.lock. Run 'pod install' or update your CocoaPods installation.\" >&2\n    exit 1\nfi\n# This output is used by Xcode 'outputs' to avoid re-running this script phase.\necho \"SUCCESS\" > \"${SCRIPT_OUTPUT_FILE_0}\"\n";
			showEnvVarsInLog = 0;
		};
		6A430A671263253F9CC3C793 /* [CP] Embed Pods Frameworks */ = {
			isa = PBXShellScriptBuildPhase;
			buildActionMask = 2147483647;
			files = (
			);
			inputFileListPaths = (
				"${PODS_ROOT}/Target Support Files/Pods-Flix/Pods-Flix-frameworks-${CONFIGURATION}-input-files.xcfilelist",
			);
			name = "[CP] Embed Pods Frameworks";
			outputFileListPaths = (
				"${PODS_ROOT}/Target Support Files/Pods-Flix/Pods-Flix-frameworks-${CONFIGURATION}-output-files.xcfilelist",
			);
			runOnlyForDeploymentPostprocessing = 0;
			shellPath = /bin/sh;
			shellScript = "\"${PODS_ROOT}/Target Support Files/Pods-Flix/Pods-Flix-frameworks.sh\"\n";
			showEnvVarsInLog = 0;
		};
		CA30A429B8B218C12C751B55 /* [CP] Embed Pods Frameworks */ = {
			isa = PBXShellScriptBuildPhase;
			buildActionMask = 2147483647;
			files = (
			);
			inputFileListPaths = (
				"${PODS_ROOT}/Target Support Files/Pods-Flix-FlixUITests/Pods-Flix-FlixUITests-frameworks-${CONFIGURATION}-input-files.xcfilelist",
			);
			name = "[CP] Embed Pods Frameworks";
			outputFileListPaths = (
				"${PODS_ROOT}/Target Support Files/Pods-Flix-FlixUITests/Pods-Flix-FlixUITests-frameworks-${CONFIGURATION}-output-files.xcfilelist",
			);
			runOnlyForDeploymentPostprocessing = 0;
			shellPath = /bin/sh;
			shellScript = "\"${PODS_ROOT}/Target Support Files/Pods-Flix-FlixUITests/Pods-Flix-FlixUITests-frameworks.sh\"\n";
			showEnvVarsInLog = 0;
		};
/* End PBXShellScriptBuildPhase section */

/* Begin PBXSourcesBuildPhase section */
		3B5D07AF268393FB00ED4DC7 /* Sources */ = {
			isa = PBXSourcesBuildPhase;
			buildActionMask = 2147483647;
			files = (
				3B5D07B8268393FB00ED4DC7 /* AppDelegate.m in Sources */,
				3B5D07F32683CB2300ED4DC7 /* MovieCell.m in Sources */,
				3B5D07ED26839E0900ED4DC7 /* MoviesViewController.m in Sources */,
				3B5D07F62683EBC600ED4DC7 /* DetailsViewController.m in Sources */,
				3B17BCE326846B81007D80B7 /* MovieCollectionCell.m in Sources */,
				3B5D07C9268393FC00ED4DC7 /* main.m in Sources */,
				3B5D07BB268393FB00ED4DC7 /* SceneDelegate.m in Sources */,
				3BFBB8942685629000A9D9F8 /* TrailerViewController.m in Sources */,
				3BD2E445268463DC00543888 /* MoviesGridViewController.m in Sources */,
			);
			runOnlyForDeploymentPostprocessing = 0;
		};
		3B5D07CA268393FC00ED4DC7 /* Sources */ = {
			isa = PBXSourcesBuildPhase;
			buildActionMask = 2147483647;
			files = (
				3B5D07D3268393FC00ED4DC7 /* FlixTests.m in Sources */,
			);
			runOnlyForDeploymentPostprocessing = 0;
		};
		3B5D07D5268393FC00ED4DC7 /* Sources */ = {
			isa = PBXSourcesBuildPhase;
			buildActionMask = 2147483647;
			files = (
				3B5D07DE268393FC00ED4DC7 /* FlixUITests.m in Sources */,
			);
			runOnlyForDeploymentPostprocessing = 0;
		};
/* End PBXSourcesBuildPhase section */

/* Begin PBXTargetDependency section */
		3B5D07D0268393FC00ED4DC7 /* PBXTargetDependency */ = {
			isa = PBXTargetDependency;
			target = 3B5D07B2268393FB00ED4DC7 /* Flix */;
			targetProxy = 3B5D07CF268393FC00ED4DC7 /* PBXContainerItemProxy */;
		};
		3B5D07DB268393FC00ED4DC7 /* PBXTargetDependency */ = {
			isa = PBXTargetDependency;
			target = 3B5D07B2268393FB00ED4DC7 /* Flix */;
			targetProxy = 3B5D07DA268393FC00ED4DC7 /* PBXContainerItemProxy */;
		};
/* End PBXTargetDependency section */

/* Begin PBXVariantGroup section */
		3B5D07BF268393FB00ED4DC7 /* Main.storyboard */ = {
			isa = PBXVariantGroup;
			children = (
				3B5D07C0268393FB00ED4DC7 /* Base */,
			);
			name = Main.storyboard;
			sourceTree = "<group>";
		};
		3B5D07C4268393FC00ED4DC7 /* LaunchScreen.storyboard */ = {
			isa = PBXVariantGroup;
			children = (
				3B5D07C5268393FC00ED4DC7 /* Base */,
			);
			name = LaunchScreen.storyboard;
			sourceTree = "<group>";
		};
/* End PBXVariantGroup section */

/* Begin XCBuildConfiguration section */
		3B5D07E0268393FC00ED4DC7 /* Debug */ = {
			isa = XCBuildConfiguration;
			buildSettings = {
				ALWAYS_SEARCH_USER_PATHS = NO;
				CLANG_ANALYZER_NONNULL = YES;
				CLANG_ANALYZER_NUMBER_OBJECT_CONVERSION = YES_AGGRESSIVE;
				CLANG_CXX_LANGUAGE_STANDARD = "gnu++14";
				CLANG_CXX_LIBRARY = "libc++";
				CLANG_ENABLE_MODULES = YES;
				CLANG_ENABLE_OBJC_ARC = YES;
				CLANG_ENABLE_OBJC_WEAK = YES;
				CLANG_WARN_BLOCK_CAPTURE_AUTORELEASING = YES;
				CLANG_WARN_BOOL_CONVERSION = YES;
				CLANG_WARN_COMMA = YES;
				CLANG_WARN_CONSTANT_CONVERSION = YES;
				CLANG_WARN_DEPRECATED_OBJC_IMPLEMENTATIONS = YES;
				CLANG_WARN_DIRECT_OBJC_ISA_USAGE = YES_ERROR;
				CLANG_WARN_DOCUMENTATION_COMMENTS = YES;
				CLANG_WARN_EMPTY_BODY = YES;
				CLANG_WARN_ENUM_CONVERSION = YES;
				CLANG_WARN_INFINITE_RECURSION = YES;
				CLANG_WARN_INT_CONVERSION = YES;
				CLANG_WARN_NON_LITERAL_NULL_CONVERSION = YES;
				CLANG_WARN_OBJC_IMPLICIT_RETAIN_SELF = YES;
				CLANG_WARN_OBJC_LITERAL_CONVERSION = YES;
				CLANG_WARN_OBJC_ROOT_CLASS = YES_ERROR;
				CLANG_WARN_QUOTED_INCLUDE_IN_FRAMEWORK_HEADER = YES;
				CLANG_WARN_RANGE_LOOP_ANALYSIS = YES;
				CLANG_WARN_STRICT_PROTOTYPES = YES;
				CLANG_WARN_SUSPICIOUS_MOVE = YES;
				CLANG_WARN_UNGUARDED_AVAILABILITY = YES_AGGRESSIVE;
				CLANG_WARN_UNREACHABLE_CODE = YES;
				CLANG_WARN__DUPLICATE_METHOD_MATCH = YES;
				COPY_PHASE_STRIP = NO;
				DEBUG_INFORMATION_FORMAT = dwarf;
				ENABLE_STRICT_OBJC_MSGSEND = YES;
				ENABLE_TESTABILITY = YES;
				GCC_C_LANGUAGE_STANDARD = gnu11;
				GCC_DYNAMIC_NO_PIC = NO;
				GCC_NO_COMMON_BLOCKS = YES;
				GCC_OPTIMIZATION_LEVEL = 0;
				GCC_PREPROCESSOR_DEFINITIONS = (
					"DEBUG=1",
					"$(inherited)",
				);
				GCC_WARN_64_TO_32_BIT_CONVERSION = YES;
				GCC_WARN_ABOUT_RETURN_TYPE = YES_ERROR;
				GCC_WARN_UNDECLARED_SELECTOR = YES;
				GCC_WARN_UNINITIALIZED_AUTOS = YES_AGGRESSIVE;
				GCC_WARN_UNUSED_FUNCTION = YES;
				GCC_WARN_UNUSED_VARIABLE = YES;
				IPHONEOS_DEPLOYMENT_TARGET = 14.5;
				MTL_ENABLE_DEBUG_INFO = INCLUDE_SOURCE;
				MTL_FAST_MATH = YES;
				ONLY_ACTIVE_ARCH = YES;
				SDKROOT = iphoneos;
			};
			name = Debug;
		};
		3B5D07E1268393FC00ED4DC7 /* Release */ = {
			isa = XCBuildConfiguration;
			buildSettings = {
				ALWAYS_SEARCH_USER_PATHS = NO;
				CLANG_ANALYZER_NONNULL = YES;
				CLANG_ANALYZER_NUMBER_OBJECT_CONVERSION = YES_AGGRESSIVE;
				CLANG_CXX_LANGUAGE_STANDARD = "gnu++14";
				CLANG_CXX_LIBRARY = "libc++";
				CLANG_ENABLE_MODULES = YES;
				CLANG_ENABLE_OBJC_ARC = YES;
				CLANG_ENABLE_OBJC_WEAK = YES;
				CLANG_WARN_BLOCK_CAPTURE_AUTORELEASING = YES;
				CLANG_WARN_BOOL_CONVERSION = YES;
				CLANG_WARN_COMMA = YES;
				CLANG_WARN_CONSTANT_CONVERSION = YES;
				CLANG_WARN_DEPRECATED_OBJC_IMPLEMENTATIONS = YES;
				CLANG_WARN_DIRECT_OBJC_ISA_USAGE = YES_ERROR;
				CLANG_WARN_DOCUMENTATION_COMMENTS = YES;
				CLANG_WARN_EMPTY_BODY = YES;
				CLANG_WARN_ENUM_CONVERSION = YES;
				CLANG_WARN_INFINITE_RECURSION = YES;
				CLANG_WARN_INT_CONVERSION = YES;
				CLANG_WARN_NON_LITERAL_NULL_CONVERSION = YES;
				CLANG_WARN_OBJC_IMPLICIT_RETAIN_SELF = YES;
				CLANG_WARN_OBJC_LITERAL_CONVERSION = YES;
				CLANG_WARN_OBJC_ROOT_CLASS = YES_ERROR;
				CLANG_WARN_QUOTED_INCLUDE_IN_FRAMEWORK_HEADER = YES;
				CLANG_WARN_RANGE_LOOP_ANALYSIS = YES;
				CLANG_WARN_STRICT_PROTOTYPES = YES;
				CLANG_WARN_SUSPICIOUS_MOVE = YES;
				CLANG_WARN_UNGUARDED_AVAILABILITY = YES_AGGRESSIVE;
				CLANG_WARN_UNREACHABLE_CODE = YES;
				CLANG_WARN__DUPLICATE_METHOD_MATCH = YES;
				COPY_PHASE_STRIP = NO;
				DEBUG_INFORMATION_FORMAT = "dwarf-with-dsym";
				ENABLE_NS_ASSERTIONS = NO;
				ENABLE_STRICT_OBJC_MSGSEND = YES;
				GCC_C_LANGUAGE_STANDARD = gnu11;
				GCC_NO_COMMON_BLOCKS = YES;
				GCC_WARN_64_TO_32_BIT_CONVERSION = YES;
				GCC_WARN_ABOUT_RETURN_TYPE = YES_ERROR;
				GCC_WARN_UNDECLARED_SELECTOR = YES;
				GCC_WARN_UNINITIALIZED_AUTOS = YES_AGGRESSIVE;
				GCC_WARN_UNUSED_FUNCTION = YES;
				GCC_WARN_UNUSED_VARIABLE = YES;
				IPHONEOS_DEPLOYMENT_TARGET = 14.5;
				MTL_ENABLE_DEBUG_INFO = NO;
				MTL_FAST_MATH = YES;
				SDKROOT = iphoneos;
				VALIDATE_PRODUCT = YES;
			};
			name = Release;
		};
		3B5D07E3268393FC00ED4DC7 /* Debug */ = {
			isa = XCBuildConfiguration;
			baseConfigurationReference = 4AD665AC39AC95D0912D7BBF /* Pods-Flix.debug.xcconfig */;
			buildSettings = {
				ASSETCATALOG_COMPILER_APPICON_NAME = AppIcon;
				ASSETCATALOG_COMPILER_GLOBAL_ACCENT_COLOR_NAME = AccentColor;
				CODE_SIGN_STYLE = Automatic;
				DEVELOPMENT_TEAM = 86V86RYKB3;
				INFOPLIST_FILE = Flix/Info.plist;
				LD_RUNPATH_SEARCH_PATHS = (
					"$(inherited)",
					"@executable_path/Frameworks",
				);
				PRODUCT_BUNDLE_IDENTIFIER = com.rigrergl.Flix;
				PRODUCT_NAME = "$(TARGET_NAME)";
				TARGETED_DEVICE_FAMILY = "1,2";
			};
			name = Debug;
		};
		3B5D07E4268393FC00ED4DC7 /* Release */ = {
			isa = XCBuildConfiguration;
			baseConfigurationReference = 821239791999808419C4E879 /* Pods-Flix.release.xcconfig */;
			buildSettings = {
				ASSETCATALOG_COMPILER_APPICON_NAME = AppIcon;
				ASSETCATALOG_COMPILER_GLOBAL_ACCENT_COLOR_NAME = AccentColor;
				CODE_SIGN_STYLE = Automatic;
				DEVELOPMENT_TEAM = 86V86RYKB3;
				INFOPLIST_FILE = Flix/Info.plist;
				LD_RUNPATH_SEARCH_PATHS = (
					"$(inherited)",
					"@executable_path/Frameworks",
				);
				PRODUCT_BUNDLE_IDENTIFIER = com.rigrergl.Flix;
				PRODUCT_NAME = "$(TARGET_NAME)";
				TARGETED_DEVICE_FAMILY = "1,2";
			};
			name = Release;
		};
		3B5D07E6268393FC00ED4DC7 /* Debug */ = {
			isa = XCBuildConfiguration;
			baseConfigurationReference = 411A880B1A732CEE5C8661BA /* Pods-FlixTests.debug.xcconfig */;
			buildSettings = {
				BUNDLE_LOADER = "$(TEST_HOST)";
				CODE_SIGN_STYLE = Automatic;
				DEVELOPMENT_TEAM = 86V86RYKB3;
				INFOPLIST_FILE = FlixTests/Info.plist;
				IPHONEOS_DEPLOYMENT_TARGET = 14.5;
				LD_RUNPATH_SEARCH_PATHS = (
					"$(inherited)",
					"@executable_path/Frameworks",
					"@loader_path/Frameworks",
				);
				PRODUCT_BUNDLE_IDENTIFIER = com.rigrergl.FlixTests;
				PRODUCT_NAME = "$(TARGET_NAME)";
				TARGETED_DEVICE_FAMILY = "1,2";
				TEST_HOST = "$(BUILT_PRODUCTS_DIR)/Flix.app/Flix";
			};
			name = Debug;
		};
		3B5D07E7268393FC00ED4DC7 /* Release */ = {
			isa = XCBuildConfiguration;
			baseConfigurationReference = BD5129D64B2209C412E6AFA1 /* Pods-FlixTests.release.xcconfig */;
			buildSettings = {
				BUNDLE_LOADER = "$(TEST_HOST)";
				CODE_SIGN_STYLE = Automatic;
				DEVELOPMENT_TEAM = 86V86RYKB3;
				INFOPLIST_FILE = FlixTests/Info.plist;
				IPHONEOS_DEPLOYMENT_TARGET = 14.5;
				LD_RUNPATH_SEARCH_PATHS = (
					"$(inherited)",
					"@executable_path/Frameworks",
					"@loader_path/Frameworks",
				);
				PRODUCT_BUNDLE_IDENTIFIER = com.rigrergl.FlixTests;
				PRODUCT_NAME = "$(TARGET_NAME)";
				TARGETED_DEVICE_FAMILY = "1,2";
				TEST_HOST = "$(BUILT_PRODUCTS_DIR)/Flix.app/Flix";
			};
			name = Release;
		};
		3B5D07E9268393FC00ED4DC7 /* Debug */ = {
			isa = XCBuildConfiguration;
			baseConfigurationReference = 8C4A4086D1161C8E10F158E5 /* Pods-Flix-FlixUITests.debug.xcconfig */;
			buildSettings = {
				CODE_SIGN_STYLE = Automatic;
				DEVELOPMENT_TEAM = 86V86RYKB3;
				INFOPLIST_FILE = FlixUITests/Info.plist;
				LD_RUNPATH_SEARCH_PATHS = (
					"$(inherited)",
					"@executable_path/Frameworks",
					"@loader_path/Frameworks",
				);
				PRODUCT_BUNDLE_IDENTIFIER = com.rigrergl.FlixUITests;
				PRODUCT_NAME = "$(TARGET_NAME)";
				TARGETED_DEVICE_FAMILY = "1,2";
				TEST_TARGET_NAME = Flix;
			};
			name = Debug;
		};
		3B5D07EA268393FC00ED4DC7 /* Release */ = {
			isa = XCBuildConfiguration;
			baseConfigurationReference = 790371EC3C552FAB777F6C71 /* Pods-Flix-FlixUITests.release.xcconfig */;
			buildSettings = {
				CODE_SIGN_STYLE = Automatic;
				DEVELOPMENT_TEAM = 86V86RYKB3;
				INFOPLIST_FILE = FlixUITests/Info.plist;
				LD_RUNPATH_SEARCH_PATHS = (
					"$(inherited)",
					"@executable_path/Frameworks",
					"@loader_path/Frameworks",
				);
				PRODUCT_BUNDLE_IDENTIFIER = com.rigrergl.FlixUITests;
				PRODUCT_NAME = "$(TARGET_NAME)";
				TARGETED_DEVICE_FAMILY = "1,2";
				TEST_TARGET_NAME = Flix;
			};
			name = Release;
		};
/* End XCBuildConfiguration section */

/* Begin XCConfigurationList section */
		3B5D07AE268393FB00ED4DC7 /* Build configuration list for PBXProject "Flix" */ = {
			isa = XCConfigurationList;
			buildConfigurations = (
				3B5D07E0268393FC00ED4DC7 /* Debug */,
				3B5D07E1268393FC00ED4DC7 /* Release */,
			);
			defaultConfigurationIsVisible = 0;
			defaultConfigurationName = Release;
		};
		3B5D07E2268393FC00ED4DC7 /* Build configuration list for PBXNativeTarget "Flix" */ = {
			isa = XCConfigurationList;
			buildConfigurations = (
				3B5D07E3268393FC00ED4DC7 /* Debug */,
				3B5D07E4268393FC00ED4DC7 /* Release */,
			);
			defaultConfigurationIsVisible = 0;
			defaultConfigurationName = Release;
		};
		3B5D07E5268393FC00ED4DC7 /* Build configuration list for PBXNativeTarget "FlixTests" */ = {
			isa = XCConfigurationList;
			buildConfigurations = (
				3B5D07E6268393FC00ED4DC7 /* Debug */,
				3B5D07E7268393FC00ED4DC7 /* Release */,
			);
			defaultConfigurationIsVisible = 0;
			defaultConfigurationName = Release;
		};
		3B5D07E8268393FC00ED4DC7 /* Build configuration list for PBXNativeTarget "FlixUITests" */ = {
			isa = XCConfigurationList;
			buildConfigurations = (
				3B5D07E9268393FC00ED4DC7 /* Debug */,
				3B5D07EA268393FC00ED4DC7 /* Release */,
			);
			defaultConfigurationIsVisible = 0;
			defaultConfigurationName = Release;
		};
/* End XCConfigurationList section */
	};
	rootObject = 3B5D07AB268393FB00ED4DC7 /* Project object */;
}
